{
  "name": "cryptobar",
  "version": "1.0.0",
  "lockfileVersion": 1,
  "requires": true,
  "dependencies": {
    "cryptocoins-icons": {
      "version": "2.7.0",
      "resolved": "https://registry.npmjs.org/cryptocoins-icons/-/cryptocoins-icons-2.7.0.tgz",
      "integrity": "sha1-U+RV82e9Ot2ekaYRNmlX7c9g47M="
    }
  }
}
